// !$*UTF8*$!
{
	archiveVersion = 1;
	classes = {
	};
	objectVersion = 48;
	objects = {

/* Begin PBXBuildFile section */
		75C154E95FCE2CB9988583EF /* Pods_Sounds_of_Nature.framework in Frameworks */ = {isa = PBXBuildFile; fileRef = 1AC603C3B15C20C62FD44168 /* Pods_Sounds_of_Nature.framework */; };
		C021DAFB1FF947BC00F79193 /* Date.swift in Sources */ = {isa = PBXBuildFile; fileRef = C021DAFA1FF947BC00F79193 /* Date.swift */; };
		C02F8EBF1FF34A6A007D6140 /* SNAppDelegate.swift in Sources */ = {isa = PBXBuildFile; fileRef = C02F8EBE1FF34A6A007D6140 /* SNAppDelegate.swift */; };
		C02F8EC61FF34A6A007D6140 /* Assets.xcassets in Resources */ = {isa = PBXBuildFile; fileRef = C02F8EC51FF34A6A007D6140 /* Assets.xcassets */; };
		C02F8ED51FF34CE7007D6140 /* SNHomeTableViewController.swift in Sources */ = {isa = PBXBuildFile; fileRef = C02F8ED41FF34CE7007D6140 /* SNHomeTableViewController.swift */; };
		C02F8ED71FF34CF1007D6140 /* SNSeasonCell.swift in Sources */ = {isa = PBXBuildFile; fileRef = C02F8ED61FF34CF1007D6140 /* SNSeasonCell.swift */; };
		C02F8EDB1FF34D75007D6140 /* SNHomeTableViewController.xib in Resources */ = {isa = PBXBuildFile; fileRef = C02F8ED91FF34D75007D6140 /* SNHomeTableViewController.xib */; };
		C02F8EDE1FF35927007D6140 /* SNSeasonCell.xib in Resources */ = {isa = PBXBuildFile; fileRef = C02F8EDD1FF35927007D6140 /* SNSeasonCell.xib */; };
		C02F8EE01FF35B9A007D6140 /* Localizable.strings in Resources */ = {isa = PBXBuildFile; fileRef = C02F8EDF1FF35B9A007D6140 /* Localizable.strings */; };
		C08D0F391FF80D9000FC0949 /* SNSplashScreenViewController.swift in Sources */ = {isa = PBXBuildFile; fileRef = C08D0F381FF80D9000FC0949 /* SNSplashScreenViewController.swift */; };
		C08D0F3B1FF80F2000FC0949 /* SNSplashScreenViewController.xib in Resources */ = {isa = PBXBuildFile; fileRef = C08D0F3A1FF80F2000FC0949 /* SNSplashScreenViewController.xib */; };
		C08D0F3D1FF8107A00FC0949 /* SNLaunchScreen.storyboard in Resources */ = {isa = PBXBuildFile; fileRef = C08D0F3C1FF8107A00FC0949 /* SNLaunchScreen.storyboard */; };
		C08D0F3F1FF8252100FC0949 /* QuartzCore.framework in Frameworks */ = {isa = PBXBuildFile; fileRef = C08D0F3E1FF8252100FC0949 /* QuartzCore.framework */; };
/* End PBXBuildFile section */

/* Begin PBXFileReference section */
		1AC603C3B15C20C62FD44168 /* Pods_Sounds_of_Nature.framework */ = {isa = PBXFileReference; explicitFileType = wrapper.framework; includeInIndex = 0; path = Pods_Sounds_of_Nature.framework; sourceTree = BUILT_PRODUCTS_DIR; };
		2A6C7845EF1B47B4D92025E5 /* Pods-Sounds of Nature.debug.xcconfig */ = {isa = PBXFileReference; includeInIndex = 1; lastKnownFileType = text.xcconfig; name = "Pods-Sounds of Nature.debug.xcconfig"; path = "Pods/Target Support Files/Pods-Sounds of Nature/Pods-Sounds of Nature.debug.xcconfig"; sourceTree = "<group>"; };
		C021DAFA1FF947BC00F79193 /* Date.swift */ = {isa = PBXFileReference; lastKnownFileType = sourcecode.swift; path = Date.swift; sourceTree = "<group>"; };
		C02F8EBB1FF34A6A007D6140 /* Sounds of Nature.app */ = {isa = PBXFileReference; explicitFileType = wrapper.application; includeInIndex = 0; path = "Sounds of Nature.app"; sourceTree = BUILT_PRODUCTS_DIR; };
		C02F8EBE1FF34A6A007D6140 /* SNAppDelegate.swift */ = {isa = PBXFileReference; lastKnownFileType = sourcecode.swift; path = SNAppDelegate.swift; sourceTree = "<group>"; };
		C02F8EC51FF34A6A007D6140 /* Assets.xcassets */ = {isa = PBXFileReference; lastKnownFileType = folder.assetcatalog; path = Assets.xcassets; sourceTree = "<group>"; };
		C02F8ECA1FF34A6A007D6140 /* Info.plist */ = {isa = PBXFileReference; lastKnownFileType = text.plist.xml; path = Info.plist; sourceTree = "<group>"; };
		C02F8ED41FF34CE7007D6140 /* SNHomeTableViewController.swift */ = {isa = PBXFileReference; fileEncoding = 4; lastKnownFileType = sourcecode.swift; path = SNHomeTableViewController.swift; sourceTree = "<group>"; };
		C02F8ED61FF34CF1007D6140 /* SNSeasonCell.swift */ = {isa = PBXFileReference; fileEncoding = 4; lastKnownFileType = sourcecode.swift; path = SNSeasonCell.swift; sourceTree = "<group>"; };
		C02F8ED91FF34D75007D6140 /* SNHomeTableViewController.xib */ = {isa = PBXFileReference; fileEncoding = 4; lastKnownFileType = file.xib; path = SNHomeTableViewController.xib; sourceTree = "<group>"; };
		C02F8EDD1FF35927007D6140 /* SNSeasonCell.xib */ = {isa = PBXFileReference; lastKnownFileType = file.xib; path = SNSeasonCell.xib; sourceTree = "<group>"; };
		C02F8EDF1FF35B9A007D6140 /* Localizable.strings */ = {isa = PBXFileReference; fileEncoding = 4; lastKnownFileType = text.plist.strings; path = Localizable.strings; sourceTree = "<group>"; };
		C08D0F381FF80D9000FC0949 /* SNSplashScreenViewController.swift */ = {isa = PBXFileReference; lastKnownFileType = sourcecode.swift; path = SNSplashScreenViewController.swift; sourceTree = "<group>"; };
		C08D0F3A1FF80F2000FC0949 /* SNSplashScreenViewController.xib */ = {isa = PBXFileReference; lastKnownFileType = file.xib; path = SNSplashScreenViewController.xib; sourceTree = "<group>"; };
		C08D0F3C1FF8107A00FC0949 /* SNLaunchScreen.storyboard */ = {isa = PBXFileReference; fileEncoding = 4; lastKnownFileType = file.storyboard; path = SNLaunchScreen.storyboard; sourceTree = "<group>"; };
		C08D0F3E1FF8252100FC0949 /* QuartzCore.framework */ = {isa = PBXFileReference; lastKnownFileType = wrapper.framework; name = QuartzCore.framework; path = System/Library/Frameworks/QuartzCore.framework; sourceTree = SDKROOT; };
		E83766422590AD0C8357FF9E /* Pods-Sounds of Nature.release.xcconfig */ = {isa = PBXFileReference; includeInIndex = 1; lastKnownFileType = text.xcconfig; name = "Pods-Sounds of Nature.release.xcconfig"; path = "Pods/Target Support Files/Pods-Sounds of Nature/Pods-Sounds of Nature.release.xcconfig"; sourceTree = "<group>"; };
/* End PBXFileReference section */

/* Begin PBXFrameworksBuildPhase section */
		C02F8EB81FF34A6A007D6140 /* Frameworks */ = {
			isa = PBXFrameworksBuildPhase;
			buildActionMask = 2147483647;
			files = (
				C08D0F3F1FF8252100FC0949 /* QuartzCore.framework in Frameworks */,
				75C154E95FCE2CB9988583EF /* Pods_Sounds_of_Nature.framework in Frameworks */,
			);
			runOnlyForDeploymentPostprocessing = 0;
		};
/* End PBXFrameworksBuildPhase section */

/* Begin PBXGroup section */
		1F7D741F6C8BC11BD4526A1C /* Pods */ = {
			isa = PBXGroup;
			children = (
				2A6C7845EF1B47B4D92025E5 /* Pods-Sounds of Nature.debug.xcconfig */,
				E83766422590AD0C8357FF9E /* Pods-Sounds of Nature.release.xcconfig */,
			);
			name = Pods;
			sourceTree = "<group>";
		};
		7BB57BC0DCFBDD39E34F9253 /* Frameworks */ = {
			isa = PBXGroup;
			children = (
				C08D0F3E1FF8252100FC0949 /* QuartzCore.framework */,
				1AC603C3B15C20C62FD44168 /* Pods_Sounds_of_Nature.framework */,
			);
			name = Frameworks;
			sourceTree = "<group>";
		};
		C021DAF91FF947AB00F79193 /* Extensions */ = {
			isa = PBXGroup;
			children = (
				C021DAFA1FF947BC00F79193 /* Date.swift */,
			);
			path = Extensions;
			sourceTree = "<group>";
		};
		C02F8EB21FF34A6A007D6140 = {
			isa = PBXGroup;
			children = (
				C02F8EBD1FF34A6A007D6140 /* Sounds of Nature */,
				C02F8EBC1FF34A6A007D6140 /* Products */,
				1F7D741F6C8BC11BD4526A1C /* Pods */,
				7BB57BC0DCFBDD39E34F9253 /* Frameworks */,
			);
			indentWidth = 2;
			sourceTree = "<group>";
			tabWidth = 2;
		};
		C02F8EBC1FF34A6A007D6140 /* Products */ = {
			isa = PBXGroup;
			children = (
				C02F8EBB1FF34A6A007D6140 /* Sounds of Nature.app */,
			);
			name = Products;
			sourceTree = "<group>";
		};
		C02F8EBD1FF34A6A007D6140 /* Sounds of Nature */ = {
			isa = PBXGroup;
			children = (
				C02F8ED01FF34C54007D6140 /* Source */,
				C02F8ED31FF34CA3007D6140 /* Resource  */,
			);
			path = "Sounds of Nature";
			sourceTree = "<group>";
		};
		C02F8ED01FF34C54007D6140 /* Source */ = {
			isa = PBXGroup;
			children = (
				C02F8EBE1FF34A6A007D6140 /* SNAppDelegate.swift */,
				C02F8ED21FF34C9C007D6140 /* Cells */,
				C02F8ED11FF34C66007D6140 /* Controllers */,
				C021DAF91FF947AB00F79193 /* Extensions */,
			);
			path = Source;
			sourceTree = "<group>";
		};
		C02F8ED11FF34C66007D6140 /* Controllers */ = {
			isa = PBXGroup;
			children = (
				C08D0F381FF80D9000FC0949 /* SNSplashScreenViewController.swift */,
				C02F8ED41FF34CE7007D6140 /* SNHomeTableViewController.swift */,
			);
			path = Controllers;
			sourceTree = "<group>";
		};
		C02F8ED21FF34C9C007D6140 /* Cells */ = {
			isa = PBXGroup;
			children = (
				C02F8ED61FF34CF1007D6140 /* SNSeasonCell.swift */,
			);
			path = Cells;
			sourceTree = "<group>";
		};
		C02F8ED31FF34CA3007D6140 /* Resource  */ = {
			isa = PBXGroup;
			children = (
				C02F8EC51FF34A6A007D6140 /* Assets.xcassets */,
				C02F8ECA1FF34A6A007D6140 /* Info.plist */,
				C02F8EDF1FF35B9A007D6140 /* Localizable.strings */,
				C02F8ED81FF34D68007D6140 /* Nibs */,
			);
			path = "Resource ";
			sourceTree = "<group>";
		};
		C02F8ED81FF34D68007D6140 /* Nibs */ = {
			isa = PBXGroup;
			children = (
				C02F8ED91FF34D75007D6140 /* SNHomeTableViewController.xib */,
				C08D0F3C1FF8107A00FC0949 /* SNLaunchScreen.storyboard */,
				C02F8EDD1FF35927007D6140 /* SNSeasonCell.xib */,
				C08D0F3A1FF80F2000FC0949 /* SNSplashScreenViewController.xib */,
			);
			path = Nibs;
			sourceTree = "<group>";
		};
/* End PBXGroup section */

/* Begin PBXNativeTarget section */
		C02F8EBA1FF34A6A007D6140 /* Sounds of Nature */ = {
			isa = PBXNativeTarget;
			buildConfigurationList = C02F8ECD1FF34A6A007D6140 /* Build configuration list for PBXNativeTarget "Sounds of Nature" */;
			buildPhases = (
				ADC9FC5E0B17CED2F55A5A3A /* [CP] Check Pods Manifest.lock */,
				C02F8EB71FF34A6A007D6140 /* Sources */,
				C02F8EB81FF34A6A007D6140 /* Frameworks */,
				C02F8EB91FF34A6A007D6140 /* Resources */,
				AC2688004BA1B38A10C47E34 /* [CP] Embed Pods Frameworks */,
				60810A744C8D2800C1B70B47 /* [CP] Copy Pods Resources */,
			);
			buildRules = (
			);
			dependencies = (
			);
			name = "Sounds of Nature";
			productName = "Sounds of Nature";
			productReference = C02F8EBB1FF34A6A007D6140 /* Sounds of Nature.app */;
			productType = "com.apple.product-type.application";
		};
/* End PBXNativeTarget section */

/* Begin PBXProject section */
		C02F8EB31FF34A6A007D6140 /* Project object */ = {
			isa = PBXProject;
			attributes = {
				LastSwiftUpdateCheck = 0920;
				LastUpgradeCheck = 0920;
				ORGANIZATIONNAME = "Nathan Personal";
				TargetAttributes = {
					C02F8EBA1FF34A6A007D6140 = {
						CreatedOnToolsVersion = 9.2;
						ProvisioningStyle = Automatic;
					};
				};
			};
			buildConfigurationList = C02F8EB61FF34A6A007D6140 /* Build configuration list for PBXProject "Sounds of Nature" */;
			compatibilityVersion = "Xcode 8.0";
			developmentRegion = en;
			hasScannedForEncodings = 0;
			knownRegions = (
				en,
				Base,
			);
			mainGroup = C02F8EB21FF34A6A007D6140;
			productRefGroup = C02F8EBC1FF34A6A007D6140 /* Products */;
			projectDirPath = "";
			projectRoot = "";
			targets = (
				C02F8EBA1FF34A6A007D6140 /* Sounds of Nature */,
			);
		};
/* End PBXProject section */

/* Begin PBXResourcesBuildPhase section */
		C02F8EB91FF34A6A007D6140 /* Resources */ = {
			isa = PBXResourcesBuildPhase;
			buildActionMask = 2147483647;
			files = (
				C02F8EE01FF35B9A007D6140 /* Localizable.strings in Resources */,
				C08D0F3B1FF80F2000FC0949 /* SNSplashScreenViewController.xib in Resources */,
				C02F8EC61FF34A6A007D6140 /* Assets.xcassets in Resources */,
				C08D0F3D1FF8107A00FC0949 /* SNLaunchScreen.storyboard in Resources */,
				C02F8EDB1FF34D75007D6140 /* SNHomeTableViewController.xib in Resources */,
				C02F8EDE1FF35927007D6140 /* SNSeasonCell.xib in Resources */,
			);
			runOnlyForDeploymentPostprocessing = 0;
		};
/* End PBXResourcesBuildPhase section */

/* Begin PBXShellScriptBuildPhase section */
		60810A744C8D2800C1B70B47 /* [CP] Copy Pods Resources */ = {
			isa = PBXShellScriptBuildPhase;
			buildActionMask = 2147483647;
			files = (
			);
			inputPaths = (
			);
			name = "[CP] Copy Pods Resources";
			outputPaths = (
			);
			runOnlyForDeploymentPostprocessing = 0;
			shellPath = /bin/sh;
			shellScript = "\"${SRCROOT}/Pods/Target Support Files/Pods-Sounds of Nature/Pods-Sounds of Nature-resources.sh\"\n";
			showEnvVarsInLog = 0;
		};
		AC2688004BA1B38A10C47E34 /* [CP] Embed Pods Frameworks */ = {
			isa = PBXShellScriptBuildPhase;
			buildActionMask = 2147483647;
			files = (
			);
			inputPaths = (
			);
			name = "[CP] Embed Pods Frameworks";
			outputPaths = (
			);
			runOnlyForDeploymentPostprocessing = 0;
			shellPath = /bin/sh;
			shellScript = "\"${SRCROOT}/Pods/Target Support Files/Pods-Sounds of Nature/Pods-Sounds of Nature-frameworks.sh\"\n";
			showEnvVarsInLog = 0;
		};
		ADC9FC5E0B17CED2F55A5A3A /* [CP] Check Pods Manifest.lock */ = {
			isa = PBXShellScriptBuildPhase;
			buildActionMask = 2147483647;
			files = (
			);
			inputPaths = (
				"${PODS_PODFILE_DIR_PATH}/Podfile.lock",
				"${PODS_ROOT}/Manifest.lock",
			);
			name = "[CP] Check Pods Manifest.lock";
			outputPaths = (
				"$(DERIVED_FILE_DIR)/Pods-Sounds of Nature-checkManifestLockResult.txt",
			);
			runOnlyForDeploymentPostprocessing = 0;
			shellPath = /bin/sh;
			shellScript = "diff \"${PODS_PODFILE_DIR_PATH}/Podfile.lock\" \"${PODS_ROOT}/Manifest.lock\" > /dev/null\nif [ $? != 0 ] ; then\n    # print error to STDERR\n    echo \"error: The sandbox is not in sync with the Podfile.lock. Run 'pod install' or update your CocoaPods installation.\" >&2\n    exit 1\nfi\n# This output is used by Xcode 'outputs' to avoid re-running this script phase.\necho \"SUCCESS\" > \"${SCRIPT_OUTPUT_FILE_0}\"\n";
			showEnvVarsInLog = 0;
		};
/* End PBXShellScriptBuildPhase section */

/* Begin PBXSourcesBuildPhase section */
		C02F8EB71FF34A6A007D6140 /* Sources */ = {
			isa = PBXSourcesBuildPhase;
			buildActionMask = 2147483647;
			files = (
				C02F8EBF1FF34A6A007D6140 /* SNAppDelegate.swift in Sources */,
				C021DAFB1FF947BC00F79193 /* Date.swift in Sources */,
				C02F8ED51FF34CE7007D6140 /* SNHomeTableViewController.swift in Sources */,
				C02F8ED71FF34CF1007D6140 /* SNSeasonCell.swift in Sources */,
				C08D0F391FF80D9000FC0949 /* SNSplashScreenViewController.swift in Sources */,
			);
			runOnlyForDeploymentPostprocessing = 0;
		};
/* End PBXSourcesBuildPhase section */

/* Begin XCBuildConfiguration section */
		C02F8ECB1FF34A6A007D6140 /* Debug */ = {
			isa = XCBuildConfiguration;
			buildSettings = {
				ALWAYS_SEARCH_USER_PATHS = NO;
				CLANG_ANALYZER_NONNULL = YES;
				CLANG_ANALYZER_NUMBER_OBJECT_CONVERSION = YES_AGGRESSIVE;
				CLANG_CXX_LANGUAGE_STANDARD = "gnu++14";
				CLANG_CXX_LIBRARY = "libc++";
				CLANG_ENABLE_MODULES = YES;
				CLANG_ENABLE_OBJC_ARC = YES;
				CLANG_WARN_BLOCK_CAPTURE_AUTORELEASING = YES;
				CLANG_WARN_BOOL_CONVERSION = YES;
				CLANG_WARN_COMMA = YES;
				CLANG_WARN_CONSTANT_CONVERSION = YES;
				CLANG_WARN_DIRECT_OBJC_ISA_USAGE = YES_ERROR;
				CLANG_WARN_DOCUMENTATION_COMMENTS = YES;
				CLANG_WARN_EMPTY_BODY = YES;
				CLANG_WARN_ENUM_CONVERSION = YES;
				CLANG_WARN_INFINITE_RECURSION = YES;
				CLANG_WARN_INT_CONVERSION = YES;
				CLANG_WARN_NON_LITERAL_NULL_CONVERSION = YES;
				CLANG_WARN_OBJC_LITERAL_CONVERSION = YES;
				CLANG_WARN_OBJC_ROOT_CLASS = YES_ERROR;
				CLANG_WARN_RANGE_LOOP_ANALYSIS = YES;
				CLANG_WARN_STRICT_PROTOTYPES = YES;
				CLANG_WARN_SUSPICIOUS_MOVE = YES;
				CLANG_WARN_UNGUARDED_AVAILABILITY = YES_AGGRESSIVE;
				CLANG_WARN_UNREACHABLE_CODE = YES;
				CLANG_WARN__DUPLICATE_METHOD_MATCH = YES;
				CODE_SIGN_IDENTITY = "iPhone Developer";
				COPY_PHASE_STRIP = NO;
				DEBUG_INFORMATION_FORMAT = dwarf;
				ENABLE_STRICT_OBJC_MSGSEND = YES;
				ENABLE_TESTABILITY = YES;
				GCC_C_LANGUAGE_STANDARD = gnu11;
				GCC_DYNAMIC_NO_PIC = NO;
				GCC_NO_COMMON_BLOCKS = YES;
				GCC_OPTIMIZATION_LEVEL = 0;
				GCC_PREPROCESSOR_DEFINITIONS = (
					"DEBUG=1",
					"$(inherited)",
				);
				GCC_WARN_64_TO_32_BIT_CONVERSION = YES;
				GCC_WARN_ABOUT_RETURN_TYPE = YES_ERROR;
				GCC_WARN_UNDECLARED_SELECTOR = YES;
				GCC_WARN_UNINITIALIZED_AUTOS = YES_AGGRESSIVE;
				GCC_WARN_UNUSED_FUNCTION = YES;
				GCC_WARN_UNUSED_VARIABLE = YES;
				IPHONEOS_DEPLOYMENT_TARGET = 11.2;
				MTL_ENABLE_DEBUG_INFO = YES;
				ONLY_ACTIVE_ARCH = YES;
				SDKROOT = iphoneos;
				SWIFT_ACTIVE_COMPILATION_CONDITIONS = DEBUG;
				SWIFT_OPTIMIZATION_LEVEL = "-Onone";
			};
			name = Debug;
		};
		C02F8ECC1FF34A6A007D6140 /* Release */ = {
			isa = XCBuildConfiguration;
			buildSettings = {
				ALWAYS_SEARCH_USER_PATHS = NO;
				CLANG_ANALYZER_NONNULL = YES;
				CLANG_ANALYZER_NUMBER_OBJECT_CONVERSION = YES_AGGRESSIVE;
				CLANG_CXX_LANGUAGE_STANDARD = "gnu++14";
				CLANG_CXX_LIBRARY = "libc++";
				CLANG_ENABLE_MODULES = YES;
				CLANG_ENABLE_OBJC_ARC = YES;
				CLANG_WARN_BLOCK_CAPTURE_AUTORELEASING = YES;
				CLANG_WARN_BOOL_CONVERSION = YES;
				CLANG_WARN_COMMA = YES;
				CLANG_WARN_CONSTANT_CONVERSION = YES;
				CLANG_WARN_DIRECT_OBJC_ISA_USAGE = YES_ERROR;
				CLANG_WARN_DOCUMENTATION_COMMENTS = YES;
				CLANG_WARN_EMPTY_BODY = YES;
				CLANG_WARN_ENUM_CONVERSION = YES;
				CLANG_WARN_INFINITE_RECURSION = YES;
				CLANG_WARN_INT_CONVERSION = YES;
				CLANG_WARN_NON_LITERAL_NULL_CONVERSION = YES;
				CLANG_WARN_OBJC_LITERAL_CONVERSION = YES;
				CLANG_WARN_OBJC_ROOT_CLASS = YES_ERROR;
				CLANG_WARN_RANGE_LOOP_ANALYSIS = YES;
				CLANG_WARN_STRICT_PROTOTYPES = YES;
				CLANG_WARN_SUSPICIOUS_MOVE = YES;
				CLANG_WARN_UNGUARDED_AVAILABILITY = YES_AGGRESSIVE;
				CLANG_WARN_UNREACHABLE_CODE = YES;
				CLANG_WARN__DUPLICATE_METHOD_MATCH = YES;
				CODE_SIGN_IDENTITY = "iPhone Developer";
				COPY_PHASE_STRIP = NO;
				DEBUG_INFORMATION_FORMAT = "dwarf-with-dsym";
				ENABLE_NS_ASSERTIONS = NO;
				ENABLE_STRICT_OBJC_MSGSEND = YES;
				GCC_C_LANGUAGE_STANDARD = gnu11;
				GCC_NO_COMMON_BLOCKS = YES;
				GCC_WARN_64_TO_32_BIT_CONVERSION = YES;
				GCC_WARN_ABOUT_RETURN_TYPE = YES_ERROR;
				GCC_WARN_UNDECLARED_SELECTOR = YES;
				GCC_WARN_UNINITIALIZED_AUTOS = YES_AGGRESSIVE;
				GCC_WARN_UNUSED_FUNCTION = YES;
				GCC_WARN_UNUSED_VARIABLE = YES;
				IPHONEOS_DEPLOYMENT_TARGET = 11.2;
				MTL_ENABLE_DEBUG_INFO = NO;
				SDKROOT = iphoneos;
				SWIFT_OPTIMIZATION_LEVEL = "-Owholemodule";
				VALIDATE_PRODUCT = YES;
			};
			name = Release;
		};
		C02F8ECE1FF34A6A007D6140 /* Debug */ = {
			isa = XCBuildConfiguration;
			baseConfigurationReference = 2A6C7845EF1B47B4D92025E5 /* Pods-Sounds of Nature.debug.xcconfig */;
			buildSettings = {
				ASSETCATALOG_COMPILER_APPICON_NAME = AppIcon;
				CODE_SIGN_STYLE = Automatic;
				INFOPLIST_FILE = "$(SRCROOT)/Sounds of Nature/Resource /Info.plist";
				IPHONEOS_DEPLOYMENT_TARGET = 10.0;
				LD_RUNPATH_SEARCH_PATHS = "$(inherited) @executable_path/Frameworks";
				PRODUCT_BUNDLE_IDENTIFIER = "com.NathanBeaumont.Sounds-of-Nature";
				PRODUCT_NAME = "$(TARGET_NAME)";
				SWIFT_VERSION = 4.0;
				TARGETED_DEVICE_FAMILY = "1,2";
			};
			name = Debug;
		};
		C02F8ECF1FF34A6A007D6140 /* Release */ = {
			isa = XCBuildConfiguration;
			baseConfigurationReference = E83766422590AD0C8357FF9E /* Pods-Sounds of Nature.release.xcconfig */;
			buildSettings = {
				ASSETCATALOG_COMPILER_APPICON_NAME = AppIcon;
				CODE_SIGN_STYLE = Automatic;
				INFOPLIST_FILE = "$(SRCROOT)/Sounds of Nature/Resource /Info.plist";
				IPHONEOS_DEPLOYMENT_TARGET = 10.0;
				LD_RUNPATH_SEARCH_PATHS = "$(inherited) @executable_path/Frameworks";
				PRODUCT_BUNDLE_IDENTIFIER = "com.NathanBeaumont.Sounds-of-Nature";
				PRODUCT_NAME = "$(TARGET_NAME)";
				SWIFT_VERSION = 4.0;
				TARGETED_DEVICE_FAMILY = "1,2";
			};
			name = Release;
		};
/* End XCBuildConfiguration section */

/* Begin XCConfigurationList section */
		C02F8EB61FF34A6A007D6140 /* Build configuration list for PBXProject "Sounds of Nature" */ = {
			isa = XCConfigurationList;
			buildConfigurations = (
				C02F8ECB1FF34A6A007D6140 /* Debug */,
				C02F8ECC1FF34A6A007D6140 /* Release */,
			);
			defaultConfigurationIsVisible = 0;
			defaultConfigurationName = Release;
		};
		C02F8ECD1FF34A6A007D6140 /* Build configuration list for PBXNativeTarget "Sounds of Nature" */ = {
			isa = XCConfigurationList;
			buildConfigurations = (
				C02F8ECE1FF34A6A007D6140 /* Debug */,
				C02F8ECF1FF34A6A007D6140 /* Release */,
			);
			defaultConfigurationIsVisible = 0;
			defaultConfigurationName = Release;
		};
/* End XCConfigurationList section */
	};
	rootObject = C02F8EB31FF34A6A007D6140 /* Project object */;
}
